
Microsoft Visual Studio Solution File, Format Version 12.00
# Visual Studio Version 17
VisualStudioVersion = 17.8.34316.72
MinimumVisualStudioVersion = 10.0.40219.1
Project("{FAE04EC0-301F-11D3-BF4B-00C04F79EFBC}") = "220601077_Mustafa_Ulutaş", "220601077_Mustafa_Ulutaş\220601077_Mustafa_Ulutaş.csproj", "{E0967844-3B13-4CA5-86BE-FDC71C4A36FF}"
EndProject
Global
	GlobalSection(SolutionConfigurationPlatforms) = preSolution
		Debug|Any CPU = Debug|Any CPU
		Release|Any CPU = Release|Any CPU
	EndGlobalSection
	GlobalSection(ProjectConfigurationPlatforms) = postSolution
		{E0967844-3B13-4CA5-86BE-FDC71C4A36FF}.Debug|Any CPU.ActiveCfg = Debug|Any CPU
		{E0967844-3B13-4CA5-86BE-FDC71C4A36FF}.Debug|Any CPU.Build.0 = Debug|Any CPU
		{E0967844-3B13-4CA5-86BE-FDC71C4A36FF}.Release|Any CPU.ActiveCfg = Release|Any CPU
		{E0967844-3B13-4CA5-86BE-FDC71C4A36FF}.Release|Any CPU.Build.0 = Release|Any CPU
	EndGlobalSection
	GlobalSection(SolutionProperties) = preSolution
		HideSolutionNode = FALSE
	EndGlobalSection
	GlobalSection(ExtensibilityGlobals) = postSolution
		SolutionGuid = {4FE7F688-65BB-4EFA-8D68-541B364FF815}
	EndGlobalSection
EndGlobal
